
Microsoft Visual Studio Solution File, Format Version 12.00
# Visual Studio Version 17
VisualStudioVersion = 17.13.35931.197
MinimumVisualStudioVersion = 10.0.40219.1
Project("{FAE04EC0-301F-11D3-BF4B-00C04F79EFBC}") = "ProyectoCiber", "ProyectoCiber.csproj", "{C38F7BE5-0E1A-4E04-9304-5606F732C813}"
EndProject
Project("{FAE04EC0-301F-11D3-BF4B-00C04F79EFBC}") = "ProyectoCiber.Desktop", "..\ProyectoCiber.Desktop\ProyectoCiber.Desktop.csproj", "{1B7860A7-8542-4279-A72B-88FF4CC9D7D5}"
EndProject
Global
	GlobalSection(SolutionConfigurationPlatforms) = preSolution
		Debug|Any CPU = Debug|Any CPU
		Release|Any CPU = Release|Any CPU
	EndGlobalSection
	GlobalSection(ProjectConfigurationPlatforms) = postSolution
		{C38F7BE5-0E1A-4E04-9304-5606F732C813}.Debug|Any CPU.ActiveCfg = Debug|Any CPU
		{C38F7BE5-0E1A-4E04-9304-5606F732C813}.Debug|Any CPU.Build.0 = Debug|Any CPU
		{C38F7BE5-0E1A-4E04-9304-5606F732C813}.Release|Any CPU.ActiveCfg = Release|Any CPU
		{C38F7BE5-0E1A-4E04-9304-5606F732C813}.Release|Any CPU.Build.0 = Release|Any CPU
		{1B7860A7-8542-4279-A72B-88FF4CC9D7D5}.Debug|Any CPU.ActiveCfg = Debug|Any CPU
		{1B7860A7-8542-4279-A72B-88FF4CC9D7D5}.Debug|Any CPU.Build.0 = Debug|Any CPU
		{1B7860A7-8542-4279-A72B-88FF4CC9D7D5}.Release|Any CPU.ActiveCfg = Release|Any CPU
		{1B7860A7-8542-4279-A72B-88FF4CC9D7D5}.Release|Any CPU.Build.0 = Release|Any CPU
	EndGlobalSection
	GlobalSection(SolutionProperties) = preSolution
		HideSolutionNode = FALSE
	EndGlobalSection
	GlobalSection(ExtensibilityGlobals) = postSolution
		SolutionGuid = {136D3351-FB8A-44C0-936C-F35014281879}
	EndGlobalSection
EndGlobal
